
Microsoft Visual Studio Solution File, Format Version 12.00
Project("{2150E333-8FDC-42A3-9474-1A3956D46DE8}") = "Server", "Server", "{7768C447-81F3-4820-B1E6-83351F696C95}"
EndProject
Project("{FAE04EC0-301F-11D3-BF4B-00C04F79EFBC}") = "Entities", "Server\Entities\Entities.csproj", "{4B927B0A-B0FA-4BF1-882C-4F62940C5FAB}"
EndProject
Project("{FAE04EC0-301F-11D3-BF4B-00C04F79EFBC}") = "RepositoryContracts", "Server\RepositoryContracts\RepositoryContracts.csproj", "{184D7446-4B34-46C9-B75F-867D357BE63B}"
EndProject
Project("{FAE04EC0-301F-11D3-BF4B-00C04F79EFBC}") = "InMemoryRepositories", "Server\InMemoryRepositories\InMemoryRepositories.csproj", "{E89A1C10-4243-41DA-A5DE-D3FD62F7178F}"
EndProject
Global
	GlobalSection(SolutionConfigurationPlatforms) = preSolution
		Debug|Any CPU = Debug|Any CPU
		Release|Any CPU = Release|Any CPU
	EndGlobalSection
	GlobalSection(NestedProjects) = preSolution
		{4B927B0A-B0FA-4BF1-882C-4F62940C5FAB} = {7768C447-81F3-4820-B1E6-83351F696C95}
		{184D7446-4B34-46C9-B75F-867D357BE63B} = {7768C447-81F3-4820-B1E6-83351F696C95}
		{E89A1C10-4243-41DA-A5DE-D3FD62F7178F} = {7768C447-81F3-4820-B1E6-83351F696C95}
	EndGlobalSection
	GlobalSection(ProjectConfigurationPlatforms) = postSolution
		{4B927B0A-B0FA-4BF1-882C-4F62940C5FAB}.Debug|Any CPU.ActiveCfg = Debug|Any CPU
		{4B927B0A-B0FA-4BF1-882C-4F62940C5FAB}.Debug|Any CPU.Build.0 = Debug|Any CPU
		{4B927B0A-B0FA-4BF1-882C-4F62940C5FAB}.Release|Any CPU.ActiveCfg = Release|Any CPU
		{4B927B0A-B0FA-4BF1-882C-4F62940C5FAB}.Release|Any CPU.Build.0 = Release|Any CPU
		{184D7446-4B34-46C9-B75F-867D357BE63B}.Debug|Any CPU.ActiveCfg = Debug|Any CPU
		{184D7446-4B34-46C9-B75F-867D357BE63B}.Debug|Any CPU.Build.0 = Debug|Any CPU
		{184D7446-4B34-46C9-B75F-867D357BE63B}.Release|Any CPU.ActiveCfg = Release|Any CPU
		{184D7446-4B34-46C9-B75F-867D357BE63B}.Release|Any CPU.Build.0 = Release|Any CPU
		{E89A1C10-4243-41DA-A5DE-D3FD62F7178F}.Debug|Any CPU.ActiveCfg = Debug|Any CPU
		{E89A1C10-4243-41DA-A5DE-D3FD62F7178F}.Debug|Any CPU.Build.0 = Debug|Any CPU
		{E89A1C10-4243-41DA-A5DE-D3FD62F7178F}.Release|Any CPU.ActiveCfg = Release|Any CPU
		{E89A1C10-4243-41DA-A5DE-D3FD62F7178F}.Release|Any CPU.Build.0 = Release|Any CPU
	EndGlobalSection
EndGlobal
